// !$*UTF8*$!
{
	archiveVersion = 1;
	classes = {
	};
	objectVersion = 51;
	objects = {

/* Begin PBXBuildFile section */
		2E19604A2567B2B400DE1C07 /* WatermarkViewController.m in Sources */ = {isa = PBXBuildFile; fileRef = 2E1960492567B2B400DE1C07 /* WatermarkViewController.m */; };
		2E19604D2567C76C00DE1C07 /* videoWater.png in Resources */ = {isa = PBXBuildFile; fileRef = 2E19604C2567C76B00DE1C07 /* videoWater.png */; };
		2E196052256BA89200DE1C07 /* WaterMarkImage.m in Sources */ = {isa = PBXBuildFile; fileRef = 2E196051256BA89200DE1C07 /* WaterMarkImage.m */; };
		2E720EC225773F8900CA46BB /* video.mp4 in Resources */ = {isa = PBXBuildFile; fileRef = 2E720EC125773F8900CA46BB /* video.mp4 */; };
		2E78EE4E2578B9910076DFCF /* MainViewController.m in Sources */ = {isa = PBXBuildFile; fileRef = 2E78EE4D2578B9910076DFCF /* MainViewController.m */; };
		2E803E92256FA81D007A2AC9 /* ContrastViewController.m in Sources */ = {isa = PBXBuildFile; fileRef = 2E803E91256FA81D007A2AC9 /* ContrastViewController.m */; };
		2E803E9625709F41007A2AC9 /* ZJHPlayerView.m in Sources */ = {isa = PBXBuildFile; fileRef = 2E803E9525709F41007A2AC9 /* ZJHPlayerView.m */; };
		2E803E9B2570A10D007A2AC9 /* ZJHPlayerToolView.m in Sources */ = {isa = PBXBuildFile; fileRef = 2E803E9A2570A10D007A2AC9 /* ZJHPlayerToolView.m */; };
		2EC8F302257E12360019C81A /* Learn.swift in Sources */ = {isa = PBXBuildFile; fileRef = 2EC8F301257E12360019C81A /* Learn.swift */; };
		A735063821C0F805000E1990 /* prompt.png in Resources */ = {isa = PBXBuildFile; fileRef = A735063621C0F805000E1990 /* prompt.png */; };
		A735063921C0F805000E1990 /* add.png in Resources */ = {isa = PBXBuildFile; fileRef = A735063721C0F805000E1990 /* add.png */; };
		A735063C21C0F96B000E1990 /* CollectionViewController.m in Sources */ = {isa = PBXBuildFile; fileRef = A735063B21C0F96B000E1990 /* CollectionViewController.m */; };
		A735064021C0F9CE000E1990 /* ImageCollectionViewCell.m in Sources */ = {isa = PBXBuildFile; fileRef = A735063E21C0F9CE000E1990 /* ImageCollectionViewCell.m */; };
		A735064421C0FFE4000E1990 /* ToolsVideo.m in Sources */ = {isa = PBXBuildFile; fileRef = A735064221C0FFE3000E1990 /* ToolsVideo.m */; };
		A73A070521F0716A00B21442 /* WebViewController.m in Sources */ = {isa = PBXBuildFile; fileRef = A73A070421F0716A00B21442 /* WebViewController.m */; };
		A73E068E21E5CA560060273B /* ViewController.m in Sources */ = {isa = PBXBuildFile; fileRef = A73E068D21E5CA560060273B /* ViewController.m */; };
		A7402EE021C1F72A009ED924 /* 帮助.png in Resources */ = {isa = PBXBuildFile; fileRef = A7402EDE21C1F729009ED924 /* 帮助.png */; };
		A7402EE121C1F72A009ED924 /* 历史.png in Resources */ = {isa = PBXBuildFile; fileRef = A7402EDF21C1F72A009ED924 /* 历史.png */; };
		A792DE7521BFA3AB00F35092 /* AppDelegate.m in Sources */ = {isa = PBXBuildFile; fileRef = A792DE7421BFA3AB00F35092 /* AppDelegate.m */; };
		A792DE7B21BFA3AB00F35092 /* Main.storyboard in Resources */ = {isa = PBXBuildFile; fileRef = A792DE7921BFA3AB00F35092 /* Main.storyboard */; };
		A792DE7D21BFA3AD00F35092 /* Assets.xcassets in Resources */ = {isa = PBXBuildFile; fileRef = A792DE7C21BFA3AD00F35092 /* Assets.xcassets */; };
		A792DE8021BFA3AD00F35092 /* LaunchScreen.storyboard in Resources */ = {isa = PBXBuildFile; fileRef = A792DE7E21BFA3AD00F35092 /* LaunchScreen.storyboard */; };
		A792DE8321BFA3AD00F35092 /* main.m in Sources */ = {isa = PBXBuildFile; fileRef = A792DE8221BFA3AD00F35092 /* main.m */; };
		A792DE8D21BFA3CC00F35092 /* LoginViewController.m in Sources */ = {isa = PBXBuildFile; fileRef = A792DE8B21BFA3CC00F35092 /* LoginViewController.m */; };
		A792DE8E21BFA3CC00F35092 /* LoginViewController.xib in Resources */ = {isa = PBXBuildFile; fileRef = A792DE8C21BFA3CC00F35092 /* LoginViewController.xib */; };
		A792DE9E21BFA5E300F35092 /* UserData.m in Sources */ = {isa = PBXBuildFile; fileRef = A792DE9D21BFA5E300F35092 /* UserData.m */; };
		A792DEA221BFA94C00F35092 /* RegisterViewController.m in Sources */ = {isa = PBXBuildFile; fileRef = A792DEA021BFA94C00F35092 /* RegisterViewController.m */; };
		A792DEA321BFA94C00F35092 /* RegisterViewController.xib in Resources */ = {isa = PBXBuildFile; fileRef = A792DEA121BFA94C00F35092 /* RegisterViewController.xib */; };
		A792DEA621BFA9B300F35092 /* UIColor+Define.m in Sources */ = {isa = PBXBuildFile; fileRef = A792DEA521BFA9B300F35092 /* UIColor+Define.m */; };
		A792DEA921BFAAA500F35092 /* BaseViewController.m in Sources */ = {isa = PBXBuildFile; fileRef = A792DEA821BFAAA500F35092 /* BaseViewController.m */; };
		A794230921E094C100497A61 /* LookViewController.m in Sources */ = {isa = PBXBuildFile; fileRef = A794230821E094C000497A61 /* LookViewController.m */; };
		A7BFBE8721DCAAEA00CB41B1 /* GIFGenerator.m in Sources */ = {isa = PBXBuildFile; fileRef = A7BFBE8621DCAAEA00CB41B1 /* GIFGenerator.m */; };
		CDDDC94AA2964863C7E40A7E /* libPods-NoName.a in Frameworks */ = {isa = PBXBuildFile; fileRef = 405C75C00D3618CC243053BF /* libPods-NoName.a */; };
/* End PBXBuildFile section */

/* Begin PBXFileReference section */
		2E1960482567B2B400DE1C07 /* WatermarkViewController.h */ = {isa = PBXFileReference; lastKnownFileType = sourcecode.c.h; path = WatermarkViewController.h; sourceTree = "<group>"; };
		2E1960492567B2B400DE1C07 /* WatermarkViewController.m */ = {isa = PBXFileReference; lastKnownFileType = sourcecode.c.objc; path = WatermarkViewController.m; sourceTree = "<group>"; };
		2E19604C2567C76B00DE1C07 /* videoWater.png */ = {isa = PBXFileReference; lastKnownFileType = image.png; path = videoWater.png; sourceTree = "<group>"; };
		2E196050256BA89200DE1C07 /* WaterMarkImage.h */ = {isa = PBXFileReference; lastKnownFileType = sourcecode.c.h; path = WaterMarkImage.h; sourceTree = "<group>"; };
		2E196051256BA89200DE1C07 /* WaterMarkImage.m */ = {isa = PBXFileReference; lastKnownFileType = sourcecode.c.objc; path = WaterMarkImage.m; sourceTree = "<group>"; };
		2E720EC125773F8900CA46BB /* video.mp4 */ = {isa = PBXFileReference; lastKnownFileType = file; path = video.mp4; sourceTree = "<group>"; };
		2E78EE4C2578B9910076DFCF /* MainViewController.h */ = {isa = PBXFileReference; lastKnownFileType = sourcecode.c.h; path = MainViewController.h; sourceTree = "<group>"; };
		2E78EE4D2578B9910076DFCF /* MainViewController.m */ = {isa = PBXFileReference; lastKnownFileType = sourcecode.c.objc; path = MainViewController.m; sourceTree = "<group>"; };
		2E803E8A256F56A0007A2AC9 /* NoName.entitlements */ = {isa = PBXFileReference; lastKnownFileType = text.plist.entitlements; path = NoName.entitlements; sourceTree = "<group>"; };
		2E803E90256FA81D007A2AC9 /* ContrastViewController.h */ = {isa = PBXFileReference; lastKnownFileType = sourcecode.c.h; path = ContrastViewController.h; sourceTree = "<group>"; };
		2E803E91256FA81D007A2AC9 /* ContrastViewController.m */ = {isa = PBXFileReference; lastKnownFileType = sourcecode.c.objc; path = ContrastViewController.m; sourceTree = "<group>"; };
		2E803E9425709F41007A2AC9 /* ZJHPlayerView.h */ = {isa = PBXFileReference; lastKnownFileType = sourcecode.c.h; path = ZJHPlayerView.h; sourceTree = "<group>"; };
		2E803E9525709F41007A2AC9 /* ZJHPlayerView.m */ = {isa = PBXFileReference; lastKnownFileType = sourcecode.c.objc; path = ZJHPlayerView.m; sourceTree = "<group>"; };
		2E803E992570A10D007A2AC9 /* ZJHPlayerToolView.h */ = {isa = PBXFileReference; lastKnownFileType = sourcecode.c.h; path = ZJHPlayerToolView.h; sourceTree = "<group>"; };
		2E803E9A2570A10D007A2AC9 /* ZJHPlayerToolView.m */ = {isa = PBXFileReference; lastKnownFileType = sourcecode.c.objc; path = ZJHPlayerToolView.m; sourceTree = "<group>"; };
		2EC8F300257E12360019C81A /* NoName-Bridging-Header.h */ = {isa = PBXFileReference; lastKnownFileType = sourcecode.c.h; path = "NoName-Bridging-Header.h"; sourceTree = "<group>"; };
		2EC8F301257E12360019C81A /* Learn.swift */ = {isa = PBXFileReference; lastKnownFileType = sourcecode.swift; path = Learn.swift; sourceTree = "<group>"; };
		405C75C00D3618CC243053BF /* libPods-NoName.a */ = {isa = PBXFileReference; explicitFileType = archive.ar; includeInIndex = 0; path = "libPods-NoName.a"; sourceTree = BUILT_PRODUCTS_DIR; };
		7706AEB9E84E1E15AC3274EA /* Pods-NoName.debug.xcconfig */ = {isa = PBXFileReference; includeInIndex = 1; lastKnownFileType = text.xcconfig; name = "Pods-NoName.debug.xcconfig"; path = "Pods/Target Support Files/Pods-NoName/Pods-NoName.debug.xcconfig"; sourceTree = "<group>"; };
		A735063621C0F805000E1990 /* prompt.png */ = {isa = PBXFileReference; lastKnownFileType = image.png; path = prompt.png; sourceTree = "<group>"; };
		A735063721C0F805000E1990 /* add.png */ = {isa = PBXFileReference; lastKnownFileType = image.png; path = add.png; sourceTree = "<group>"; };
		A735063A21C0F96B000E1990 /* CollectionViewController.h */ = {isa = PBXFileReference; lastKnownFileType = sourcecode.c.h; path = CollectionViewController.h; sourceTree = "<group>"; };
		A735063B21C0F96B000E1990 /* CollectionViewController.m */ = {isa = PBXFileReference; lastKnownFileType = sourcecode.c.objc; path = CollectionViewController.m; sourceTree = "<group>"; };
		A735063D21C0F9CE000E1990 /* ImageCollectionViewCell.h */ = {isa = PBXFileReference; lastKnownFileType = sourcecode.c.h; path = ImageCollectionViewCell.h; sourceTree = "<group>"; };
		A735063E21C0F9CE000E1990 /* ImageCollectionViewCell.m */ = {isa = PBXFileReference; lastKnownFileType = sourcecode.c.objc; path = ImageCollectionViewCell.m; sourceTree = "<group>"; };
		A735064221C0FFE3000E1990 /* ToolsVideo.m */ = {isa = PBXFileReference; fileEncoding = 4; lastKnownFileType = sourcecode.c.objc; path = ToolsVideo.m; sourceTree = "<group>"; };
		A735064321C0FFE4000E1990 /* ToolsVideo.h */ = {isa = PBXFileReference; fileEncoding = 4; lastKnownFileType = sourcecode.c.h; path = ToolsVideo.h; sourceTree = "<group>"; };
		A73A070321F0716A00B21442 /* WebViewController.h */ = {isa = PBXFileReference; lastKnownFileType = sourcecode.c.h; path = WebViewController.h; sourceTree = "<group>"; };
		A73A070421F0716A00B21442 /* WebViewController.m */ = {isa = PBXFileReference; lastKnownFileType = sourcecode.c.objc; path = WebViewController.m; sourceTree = "<group>"; };
		A73E068C21E5CA560060273B /* ViewController.h */ = {isa = PBXFileReference; lastKnownFileType = sourcecode.c.h; path = ViewController.h; sourceTree = "<group>"; };
		A73E068D21E5CA560060273B /* ViewController.m */ = {isa = PBXFileReference; lastKnownFileType = sourcecode.c.objc; path = ViewController.m; sourceTree = "<group>"; };
		A7402EDE21C1F729009ED924 /* 帮助.png */ = {isa = PBXFileReference; lastKnownFileType = image.png; path = "帮助.png"; sourceTree = "<group>"; };
		A7402EDF21C1F72A009ED924 /* 历史.png */ = {isa = PBXFileReference; lastKnownFileType = image.png; path = "历史.png"; sourceTree = "<group>"; };
		A792DE7021BFA3AB00F35092 /* NoName.app */ = {isa = PBXFileReference; explicitFileType = wrapper.application; includeInIndex = 0; path = NoName.app; sourceTree = BUILT_PRODUCTS_DIR; };
		A792DE7321BFA3AB00F35092 /* AppDelegate.h */ = {isa = PBXFileReference; lastKnownFileType = sourcecode.c.h; path = AppDelegate.h; sourceTree = "<group>"; };
		A792DE7421BFA3AB00F35092 /* AppDelegate.m */ = {isa = PBXFileReference; lastKnownFileType = sourcecode.c.objc; path = AppDelegate.m; sourceTree = "<group>"; };
		A792DE7A21BFA3AB00F35092 /* Base */ = {isa = PBXFileReference; lastKnownFileType = file.storyboard; name = Base; path = Base.lproj/Main.storyboard; sourceTree = "<group>"; };
		A792DE7C21BFA3AD00F35092 /* Assets.xcassets */ = {isa = PBXFileReference; lastKnownFileType = folder.assetcatalog; path = Assets.xcassets; sourceTree = "<group>"; };
		A792DE7F21BFA3AD00F35092 /* Base */ = {isa = PBXFileReference; lastKnownFileType = file.storyboard; name = Base; path = Base.lproj/LaunchScreen.storyboard; sourceTree = "<group>"; };
		A792DE8121BFA3AD00F35092 /* Info.plist */ = {isa = PBXFileReference; lastKnownFileType = text.plist.xml; path = Info.plist; sourceTree = "<group>"; };
		A792DE8221BFA3AD00F35092 /* main.m */ = {isa = PBXFileReference; lastKnownFileType = sourcecode.c.objc; path = main.m; sourceTree = "<group>"; };
		A792DE8A21BFA3CC00F35092 /* LoginViewController.h */ = {isa = PBXFileReference; lastKnownFileType = sourcecode.c.h; path = LoginViewController.h; sourceTree = "<group>"; };
		A792DE8B21BFA3CC00F35092 /* LoginViewController.m */ = {isa = PBXFileReference; lastKnownFileType = sourcecode.c.objc; path = LoginViewController.m; sourceTree = "<group>"; };
		A792DE8C21BFA3CC00F35092 /* LoginViewController.xib */ = {isa = PBXFileReference; lastKnownFileType = file.xib; path = LoginViewController.xib; sourceTree = "<group>"; };
		A792DE9421BFA42C00F35092 /* zh-Hans */ = {isa = PBXFileReference; lastKnownFileType = text.plist.strings; name = "zh-Hans"; path = "zh-Hans.lproj/Main.strings"; sourceTree = "<group>"; };
		A792DE9521BFA42D00F35092 /* zh-Hans */ = {isa = PBXFileReference; lastKnownFileType = text.plist.strings; name = "zh-Hans"; path = "zh-Hans.lproj/LaunchScreen.strings"; sourceTree = "<group>"; };
		A792DE9621BFA43300F35092 /* ru */ = {isa = PBXFileReference; lastKnownFileType = text.plist.strings; name = ru; path = ru.lproj/Main.strings; sourceTree = "<group>"; };
		A792DE9721BFA43300F35092 /* ru */ = {isa = PBXFileReference; lastKnownFileType = text.plist.strings; name = ru; path = ru.lproj/LaunchScreen.strings; sourceTree = "<group>"; };
		A792DE9821BFA43D00F35092 /* ko */ = {isa = PBXFileReference; lastKnownFileType = text.plist.strings; name = ko; path = ko.lproj/Main.strings; sourceTree = "<group>"; };
		A792DE9921BFA43D00F35092 /* ko */ = {isa = PBXFileReference; lastKnownFileType = text.plist.strings; name = ko; path = ko.lproj/LaunchScreen.strings; sourceTree = "<group>"; };
		A792DE9A21BFA44500F35092 /* ja */ = {isa = PBXFileReference; lastKnownFileType = text.plist.strings; name = ja; path = ja.lproj/Main.strings; sourceTree = "<group>"; };
		A792DE9B21BFA44500F35092 /* ja */ = {isa = PBXFileReference; lastKnownFileType = text.plist.strings; name = ja; path = ja.lproj/LaunchScreen.strings; sourceTree = "<group>"; };
		A792DE9C21BFA5E300F35092 /* UserData.h */ = {isa = PBXFileReference; lastKnownFileType = sourcecode.c.h; path = UserData.h; sourceTree = "<group>"; };
		A792DE9D21BFA5E300F35092 /* UserData.m */ = {isa = PBXFileReference; lastKnownFileType = sourcecode.c.objc; path = UserData.m; sourceTree = "<group>"; };
		A792DE9F21BFA94C00F35092 /* RegisterViewController.h */ = {isa = PBXFileReference; fileEncoding = 4; lastKnownFileType = sourcecode.c.h; path = RegisterViewController.h; sourceTree = "<group>"; };
		A792DEA021BFA94C00F35092 /* RegisterViewController.m */ = {isa = PBXFileReference; fileEncoding = 4; lastKnownFileType = sourcecode.c.objc; path = RegisterViewController.m; sourceTree = "<group>"; };
		A792DEA121BFA94C00F35092 /* RegisterViewController.xib */ = {isa = PBXFileReference; fileEncoding = 4; lastKnownFileType = file.xib; path = RegisterViewController.xib; sourceTree = "<group>"; };
		A792DEA421BFA9B300F35092 /* UIColor+Define.h */ = {isa = PBXFileReference; lastKnownFileType = sourcecode.c.h; path = "UIColor+Define.h"; sourceTree = "<group>"; };
		A792DEA521BFA9B300F35092 /* UIColor+Define.m */ = {isa = PBXFileReference; lastKnownFileType = sourcecode.c.objc; path = "UIColor+Define.m"; sourceTree = "<group>"; };
		A792DEA721BFAAA500F35092 /* BaseViewController.h */ = {isa = PBXFileReference; lastKnownFileType = sourcecode.c.h; path = BaseViewController.h; sourceTree = "<group>"; };
		A792DEA821BFAAA500F35092 /* BaseViewController.m */ = {isa = PBXFileReference; lastKnownFileType = sourcecode.c.objc; path = BaseViewController.m; sourceTree = "<group>"; };
		A792DEAB21BFAB0600F35092 /* PrefixHeader.pch */ = {isa = PBXFileReference; lastKnownFileType = sourcecode.c.h; path = PrefixHeader.pch; sourceTree = "<group>"; };
		A794230721E094C000497A61 /* LookViewController.h */ = {isa = PBXFileReference; fileEncoding = 4; lastKnownFileType = sourcecode.c.h; path = LookViewController.h; sourceTree = "<group>"; };
		A794230821E094C000497A61 /* LookViewController.m */ = {isa = PBXFileReference; fileEncoding = 4; lastKnownFileType = sourcecode.c.objc; path = LookViewController.m; sourceTree = "<group>"; };
		A7BFBE8521DCAAEA00CB41B1 /* GIFGenerator.h */ = {isa = PBXFileReference; lastKnownFileType = sourcecode.c.h; path = GIFGenerator.h; sourceTree = "<group>"; };
		A7BFBE8621DCAAEA00CB41B1 /* GIFGenerator.m */ = {isa = PBXFileReference; lastKnownFileType = sourcecode.c.objc; path = GIFGenerator.m; sourceTree = "<group>"; };
		E93077F6574F5DDACEF4499A /* Pods-NoName.release.xcconfig */ = {isa = PBXFileReference; includeInIndex = 1; lastKnownFileType = text.xcconfig; name = "Pods-NoName.release.xcconfig"; path = "Pods/Target Support Files/Pods-NoName/Pods-NoName.release.xcconfig"; sourceTree = "<group>"; };
/* End PBXFileReference section */

/* Begin PBXFrameworksBuildPhase section */
		A792DE6D21BFA3AB00F35092 /* Frameworks */ = {
			isa = PBXFrameworksBuildPhase;
			buildActionMask = 2147483647;
			files = (
				CDDDC94AA2964863C7E40A7E /* libPods-NoName.a in Frameworks */,
			);
			runOnlyForDeploymentPostprocessing = 0;
		};
/* End PBXFrameworksBuildPhase section */

/* Begin PBXGroup section */
		2E803E982570A0D5007A2AC9 /* ZJHPlayer */ = {
			isa = PBXGroup;
			children = (
				2E803E9425709F41007A2AC9 /* ZJHPlayerView.h */,
				2E803E9525709F41007A2AC9 /* ZJHPlayerView.m */,
				2E803E992570A10D007A2AC9 /* ZJHPlayerToolView.h */,
				2E803E9A2570A10D007A2AC9 /* ZJHPlayerToolView.m */,
			);
			path = ZJHPlayer;
			sourceTree = "<group>";
		};
		375E5854A755FE76D5B81D79 /* Pods */ = {
			isa = PBXGroup;
			children = (
				7706AEB9E84E1E15AC3274EA /* Pods-NoName.debug.xcconfig */,
				E93077F6574F5DDACEF4499A /* Pods-NoName.release.xcconfig */,
			);
			name = Pods;
			sourceTree = "<group>";
		};
		A792DE6721BFA3AB00F35092 = {
			isa = PBXGroup;
			children = (
				A792DE7221BFA3AB00F35092 /* NoName */,
				A792DE7121BFA3AB00F35092 /* Products */,
				375E5854A755FE76D5B81D79 /* Pods */,
				C95449BBCDE34B5CF4260932 /* Frameworks */,
			);
			sourceTree = "<group>";
		};
		A792DE7121BFA3AB00F35092 /* Products */ = {
			isa = PBXGroup;
			children = (
				A792DE7021BFA3AB00F35092 /* NoName.app */,
			);
			name = Products;
			sourceTree = "<group>";
		};
		A792DE7221BFA3AB00F35092 /* NoName */ = {
			isa = PBXGroup;
			children = (
				2E803E8A256F56A0007A2AC9 /* NoName.entitlements */,
				A792DE8921BFA3B500F35092 /* Login */,
				A792DE7321BFA3AB00F35092 /* AppDelegate.h */,
				2EC8F301257E12360019C81A /* Learn.swift */,
				A792DEAB21BFAB0600F35092 /* PrefixHeader.pch */,
				A792DE7421BFA3AB00F35092 /* AppDelegate.m */,
				A73A070321F0716A00B21442 /* WebViewController.h */,
				A73A070421F0716A00B21442 /* WebViewController.m */,
				A73E068C21E5CA560060273B /* ViewController.h */,
				A73E068D21E5CA560060273B /* ViewController.m */,
				2E78EE4C2578B9910076DFCF /* MainViewController.h */,
				2E78EE4D2578B9910076DFCF /* MainViewController.m */,
				A735063A21C0F96B000E1990 /* CollectionViewController.h */,
				A735063B21C0F96B000E1990 /* CollectionViewController.m */,
				A794230721E094C000497A61 /* LookViewController.h */,
				A794230821E094C000497A61 /* LookViewController.m */,
				A7BFBE8521DCAAEA00CB41B1 /* GIFGenerator.h */,
				A7BFBE8621DCAAEA00CB41B1 /* GIFGenerator.m */,
				2E19604C2567C76B00DE1C07 /* videoWater.png */,
				2E720EC125773F8900CA46BB /* video.mp4 */,
				A735064321C0FFE4000E1990 /* ToolsVideo.h */,
				A735064221C0FFE3000E1990 /* ToolsVideo.m */,
				2E1960482567B2B400DE1C07 /* WatermarkViewController.h */,
				2E1960492567B2B400DE1C07 /* WatermarkViewController.m */,
				2E803E90256FA81D007A2AC9 /* ContrastViewController.h */,
				2E803E91256FA81D007A2AC9 /* ContrastViewController.m */,
				2E196050256BA89200DE1C07 /* WaterMarkImage.h */,
				2E196051256BA89200DE1C07 /* WaterMarkImage.m */,
				A735063D21C0F9CE000E1990 /* ImageCollectionViewCell.h */,
				A735063E21C0F9CE000E1990 /* ImageCollectionViewCell.m */,
				2E803E982570A0D5007A2AC9 /* ZJHPlayer */,
				A7402EDE21C1F729009ED924 /* 帮助.png */,
				A7402EDF21C1F72A009ED924 /* 历史.png */,
				A735063721C0F805000E1990 /* add.png */,
				A735063621C0F805000E1990 /* prompt.png */,
				A792DE7921BFA3AB00F35092 /* Main.storyboard */,
				A792DE7C21BFA3AD00F35092 /* Assets.xcassets */,
				A792DE7E21BFA3AD00F35092 /* LaunchScreen.storyboard */,
				A792DE8121BFA3AD00F35092 /* Info.plist */,
				A792DE8221BFA3AD00F35092 /* main.m */,
				A792DEA421BFA9B300F35092 /* UIColor+Define.h */,
				A792DEA521BFA9B300F35092 /* UIColor+Define.m */,
				2EC8F300257E12360019C81A /* NoName-Bridging-Header.h */,
			);
			path = NoName;
			sourceTree = "<group>";
		};
		A792DE8921BFA3B500F35092 /* Login */ = {
			isa = PBXGroup;
			children = (
				A792DE9F21BFA94C00F35092 /* RegisterViewController.h */,
				A792DEA021BFA94C00F35092 /* RegisterViewController.m */,
				A792DEA121BFA94C00F35092 /* RegisterViewController.xib */,
				A792DE8A21BFA3CC00F35092 /* LoginViewController.h */,
				A792DE8B21BFA3CC00F35092 /* LoginViewController.m */,
				A792DE8C21BFA3CC00F35092 /* LoginViewController.xib */,
				A792DE9C21BFA5E300F35092 /* UserData.h */,
				A792DE9D21BFA5E300F35092 /* UserData.m */,
				A792DEA721BFAAA500F35092 /* BaseViewController.h */,
				A792DEA821BFAAA500F35092 /* BaseViewController.m */,
			);
			path = Login;
			sourceTree = "<group>";
		};
		C95449BBCDE34B5CF4260932 /* Frameworks */ = {
			isa = PBXGroup;
			children = (
				405C75C00D3618CC243053BF /* libPods-NoName.a */,
			);
			name = Frameworks;
			sourceTree = "<group>";
		};
/* End PBXGroup section */

/* Begin PBXNativeTarget section */
		A792DE6F21BFA3AB00F35092 /* NoName */ = {
			isa = PBXNativeTarget;
			buildConfigurationList = A792DE8621BFA3AD00F35092 /* Build configuration list for PBXNativeTarget "NoName" */;
			buildPhases = (
				689285752B14C2E7109D0C08 /* [CP] Check Pods Manifest.lock */,
				A792DE6C21BFA3AB00F35092 /* Sources */,
				A792DE6D21BFA3AB00F35092 /* Frameworks */,
				A792DE6E21BFA3AB00F35092 /* Resources */,
				1608F81DB0427AECC7E666D0 /* [CP] Copy Pods Resources */,
			);
			buildRules = (
			);
			dependencies = (
			);
			name = NoName;
			productName = NoName;
			productReference = A792DE7021BFA3AB00F35092 /* NoName.app */;
			productType = "com.apple.product-type.application";
		};
/* End PBXNativeTarget section */

/* Begin PBXProject section */
		A792DE6821BFA3AB00F35092 /* Project object */ = {
			isa = PBXProject;
			attributes = {
				LastUpgradeCheck = 1210;
				ORGANIZATIONNAME = com.hualuoyongheng;
				TargetAttributes = {
					A792DE6F21BFA3AB00F35092 = {
						CreatedOnToolsVersion = 10.1;
						LastSwiftMigration = 1210;
					};
				};
			};
			buildConfigurationList = A792DE6B21BFA3AB00F35092 /* Build configuration list for PBXProject "NoName" */;
			compatibilityVersion = "Xcode 9.3";
			developmentRegion = en;
			hasScannedForEncodings = 0;
			knownRegions = (
				en,
				Base,
				"zh-Hans",
				ru,
				ko,
				ja,
			);
			mainGroup = A792DE6721BFA3AB00F35092;
			productRefGroup = A792DE7121BFA3AB00F35092 /* Products */;
			projectDirPath = "";
			projectRoot = "";
			targets = (
				A792DE6F21BFA3AB00F35092 /* NoName */,
			);
		};
/* End PBXProject section */

/* Begin PBXResourcesBuildPhase section */
		A792DE6E21BFA3AB00F35092 /* Resources */ = {
			isa = PBXResourcesBuildPhase;
			buildActionMask = 2147483647;
			files = (
				2E19604D2567C76C00DE1C07 /* videoWater.png in Resources */,
				A735063921C0F805000E1990 /* add.png in Resources */,
				A7402EE121C1F72A009ED924 /* 历史.png in Resources */,
				2E720EC225773F8900CA46BB /* video.mp4 in Resources */,
				A792DE8E21BFA3CC00F35092 /* LoginViewController.xib in Resources */,
				A792DEA321BFA94C00F35092 /* RegisterViewController.xib in Resources */,
				A7402EE021C1F72A009ED924 /* 帮助.png in Resources */,
				A792DE8021BFA3AD00F35092 /* LaunchScreen.storyboard in Resources */,
				A792DE7D21BFA3AD00F35092 /* Assets.xcassets in Resources */,
				A792DE7B21BFA3AB00F35092 /* Main.storyboard in Resources */,
				A735063821C0F805000E1990 /* prompt.png in Resources */,
			);
			runOnlyForDeploymentPostprocessing = 0;
		};
/* End PBXResourcesBuildPhase section */

/* Begin PBXShellScriptBuildPhase section */
		1608F81DB0427AECC7E666D0 /* [CP] Copy Pods Resources */ = {
			isa = PBXShellScriptBuildPhase;
			buildActionMask = 2147483647;
			files = (
			);
			inputFileListPaths = (
				"${PODS_ROOT}/Target Support Files/Pods-NoName/Pods-NoName-resources-${CONFIGURATION}-input-files.xcfilelist",
			);
			name = "[CP] Copy Pods Resources";
			outputFileListPaths = (
				"${PODS_ROOT}/Target Support Files/Pods-NoName/Pods-NoName-resources-${CONFIGURATION}-output-files.xcfilelist",
			);
			runOnlyForDeploymentPostprocessing = 0;
			shellPath = /bin/sh;
			shellScript = "\"${PODS_ROOT}/Target Support Files/Pods-NoName/Pods-NoName-resources.sh\"\n";
			showEnvVarsInLog = 0;
		};
		689285752B14C2E7109D0C08 /* [CP] Check Pods Manifest.lock */ = {
			isa = PBXShellScriptBuildPhase;
			buildActionMask = 2147483647;
			files = (
			);
			inputFileListPaths = (
			);
			inputPaths = (
				"${PODS_PODFILE_DIR_PATH}/Podfile.lock",
				"${PODS_ROOT}/Manifest.lock",
			);
			name = "[CP] Check Pods Manifest.lock";
			outputFileListPaths = (
			);
			outputPaths = (
				"$(DERIVED_FILE_DIR)/Pods-NoName-checkManifestLockResult.txt",
			);
			runOnlyForDeploymentPostprocessing = 0;
			shellPath = /bin/sh;
			shellScript = "diff \"${PODS_PODFILE_DIR_PATH}/Podfile.lock\" \"${PODS_ROOT}/Manifest.lock\" > /dev/null\nif [ $? != 0 ] ; then\n    # print error to STDERR\n    echo \"error: The sandbox is not in sync with the Podfile.lock. Run 'pod install' or update your CocoaPods installation.\" >&2\n    exit 1\nfi\n# This output is used by Xcode 'outputs' to avoid re-running this script phase.\necho \"SUCCESS\" > \"${SCRIPT_OUTPUT_FILE_0}\"\n";
			showEnvVarsInLog = 0;
		};
/* End PBXShellScriptBuildPhase section */

/* Begin PBXSourcesBuildPhase section */
		A792DE6C21BFA3AB00F35092 /* Sources */ = {
			isa = PBXSourcesBuildPhase;
			buildActionMask = 2147483647;
			files = (
				A735064421C0FFE4000E1990 /* ToolsVideo.m in Sources */,
				A792DE8D21BFA3CC00F35092 /* LoginViewController.m in Sources */,
				A792DEA921BFAAA500F35092 /* BaseViewController.m in Sources */,
				2E78EE4E2578B9910076DFCF /* MainViewController.m in Sources */,
				A735064021C0F9CE000E1990 /* ImageCollectionViewCell.m in Sources */,
				A792DEA221BFA94C00F35092 /* RegisterViewController.m in Sources */,
				A794230921E094C100497A61 /* LookViewController.m in Sources */,
				2E803E9625709F41007A2AC9 /* ZJHPlayerView.m in Sources */,
				2EC8F302257E12360019C81A /* Learn.swift in Sources */,
				A792DEA621BFA9B300F35092 /* UIColor+Define.m in Sources */,
				2E196052256BA89200DE1C07 /* WaterMarkImage.m in Sources */,
				2E803E9B2570A10D007A2AC9 /* ZJHPlayerToolView.m in Sources */,
				A7BFBE8721DCAAEA00CB41B1 /* GIFGenerator.m in Sources */,
				A792DE8321BFA3AD00F35092 /* main.m in Sources */,
				2E19604A2567B2B400DE1C07 /* WatermarkViewController.m in Sources */,
				A73A070521F0716A00B21442 /* WebViewController.m in Sources */,
				A792DE9E21BFA5E300F35092 /* UserData.m in Sources */,
				A73E068E21E5CA560060273B /* ViewController.m in Sources */,
				A792DE7521BFA3AB00F35092 /* AppDelegate.m in Sources */,
				2E803E92256FA81D007A2AC9 /* ContrastViewController.m in Sources */,
				A735063C21C0F96B000E1990 /* CollectionViewController.m in Sources */,
			);
			runOnlyForDeploymentPostprocessing = 0;
		};
/* End PBXSourcesBuildPhase section */

/* Begin PBXVariantGroup section */
		A792DE7921BFA3AB00F35092 /* Main.storyboard */ = {
			isa = PBXVariantGroup;
			children = (
				A792DE7A21BFA3AB00F35092 /* Base */,
				A792DE9421BFA42C00F35092 /* zh-Hans */,
				A792DE9621BFA43300F35092 /* ru */,
				A792DE9821BFA43D00F35092 /* ko */,
				A792DE9A21BFA44500F35092 /* ja */,
			);
			name = Main.storyboard;
			sourceTree = "<group>";
		};
		A792DE7E21BFA3AD00F35092 /* LaunchScreen.storyboard */ = {
			isa = PBXVariantGroup;
			children = (
				A792DE7F21BFA3AD00F35092 /* Base */,
				A792DE9521BFA42D00F35092 /* zh-Hans */,
				A792DE9721BFA43300F35092 /* ru */,
				A792DE9921BFA43D00F35092 /* ko */,
				A792DE9B21BFA44500F35092 /* ja */,
			);
			name = LaunchScreen.storyboard;
			sourceTree = "<group>";
		};
/* End PBXVariantGroup section */

/* Begin XCBuildConfiguration section */
		A792DE8421BFA3AD00F35092 /* Debug */ = {
			isa = XCBuildConfiguration;
			buildSettings = {
				ALWAYS_SEARCH_USER_PATHS = NO;
				CLANG_ANALYZER_LOCALIZABILITY_NONLOCALIZED = YES;
				CLANG_ANALYZER_NONNULL = YES;
				CLANG_ANALYZER_NUMBER_OBJECT_CONVERSION = YES_AGGRESSIVE;
				CLANG_CXX_LANGUAGE_STANDARD = "gnu++14";
				CLANG_CXX_LIBRARY = "libc++";
				CLANG_ENABLE_MODULES = YES;
				CLANG_ENABLE_OBJC_ARC = YES;
				CLANG_ENABLE_OBJC_WEAK = YES;
				CLANG_WARN_BLOCK_CAPTURE_AUTORELEASING = YES;
				CLANG_WARN_BOOL_CONVERSION = YES;
				CLANG_WARN_COMMA = YES;
				CLANG_WARN_CONSTANT_CONVERSION = YES;
				CLANG_WARN_DEPRECATED_OBJC_IMPLEMENTATIONS = YES;
				CLANG_WARN_DIRECT_OBJC_ISA_USAGE = YES_ERROR;
				CLANG_WARN_DOCUMENTATION_COMMENTS = YES;
				CLANG_WARN_EMPTY_BODY = YES;
				CLANG_WARN_ENUM_CONVERSION = YES;
				CLANG_WARN_INFINITE_RECURSION = YES;
				CLANG_WARN_INT_CONVERSION = YES;
				CLANG_WARN_NON_LITERAL_NULL_CONVERSION = YES;
				CLANG_WARN_OBJC_IMPLICIT_RETAIN_SELF = YES;
				CLANG_WARN_OBJC_LITERAL_CONVERSION = YES;
				CLANG_WARN_OBJC_ROOT_CLASS = YES_ERROR;
				CLANG_WARN_QUOTED_INCLUDE_IN_FRAMEWORK_HEADER = YES;
				CLANG_WARN_RANGE_LOOP_ANALYSIS = YES;
				CLANG_WARN_STRICT_PROTOTYPES = YES;
				CLANG_WARN_SUSPICIOUS_MOVE = YES;
				CLANG_WARN_UNGUARDED_AVAILABILITY = YES_AGGRESSIVE;
				CLANG_WARN_UNREACHABLE_CODE = YES;
				CLANG_WARN__DUPLICATE_METHOD_MATCH = YES;
				CODE_SIGN_IDENTITY = "iPhone Developer";
				COPY_PHASE_STRIP = NO;
				DEBUG_INFORMATION_FORMAT = dwarf;
				ENABLE_STRICT_OBJC_MSGSEND = YES;
				ENABLE_TESTABILITY = YES;
				GCC_C_LANGUAGE_STANDARD = gnu11;
				GCC_DYNAMIC_NO_PIC = NO;
				GCC_NO_COMMON_BLOCKS = YES;
				GCC_OPTIMIZATION_LEVEL = 0;
				GCC_PREPROCESSOR_DEFINITIONS = (
					"DEBUG=1",
					"$(inherited)",
				);
				GCC_WARN_64_TO_32_BIT_CONVERSION = YES;
				GCC_WARN_ABOUT_RETURN_TYPE = YES_ERROR;
				GCC_WARN_UNDECLARED_SELECTOR = YES;
				GCC_WARN_UNINITIALIZED_AUTOS = YES_AGGRESSIVE;
				GCC_WARN_UNUSED_FUNCTION = YES;
				GCC_WARN_UNUSED_VARIABLE = YES;
				IPHONEOS_DEPLOYMENT_TARGET = 12.1;
				MTL_ENABLE_DEBUG_INFO = INCLUDE_SOURCE;
				MTL_FAST_MATH = YES;
				ONLY_ACTIVE_ARCH = YES;
				SDKROOT = iphoneos;
			};
			name = Debug;
		};
		A792DE8521BFA3AD00F35092 /* Release */ = {
			isa = XCBuildConfiguration;
			buildSettings = {
				ALWAYS_SEARCH_USER_PATHS = NO;
				CLANG_ANALYZER_LOCALIZABILITY_NONLOCALIZED = YES;
				CLANG_ANALYZER_NONNULL = YES;
				CLANG_ANALYZER_NUMBER_OBJECT_CONVERSION = YES_AGGRESSIVE;
				CLANG_CXX_LANGUAGE_STANDARD = "gnu++14";
				CLANG_CXX_LIBRARY = "libc++";
				CLANG_ENABLE_MODULES = YES;
				CLANG_ENABLE_OBJC_ARC = YES;
				CLANG_ENABLE_OBJC_WEAK = YES;
				CLANG_WARN_BLOCK_CAPTURE_AUTORELEASING = YES;
				CLANG_WARN_BOOL_CONVERSION = YES;
				CLANG_WARN_COMMA = YES;
				CLANG_WARN_CONSTANT_CONVERSION = YES;
				CLANG_WARN_DEPRECATED_OBJC_IMPLEMENTATIONS = YES;
				CLANG_WARN_DIRECT_OBJC_ISA_USAGE = YES_ERROR;
				CLANG_WARN_DOCUMENTATION_COMMENTS = YES;
				CLANG_WARN_EMPTY_BODY = YES;
				CLANG_WARN_ENUM_CONVERSION = YES;
				CLANG_WARN_INFINITE_RECURSION = YES;
				CLANG_WARN_INT_CONVERSION = YES;
				CLANG_WARN_NON_LITERAL_NULL_CONVERSION = YES;
				CLANG_WARN_OBJC_IMPLICIT_RETAIN_SELF = YES;
				CLANG_WARN_OBJC_LITERAL_CONVERSION = YES;
				CLANG_WARN_OBJC_ROOT_CLASS = YES_ERROR;
				CLANG_WARN_QUOTED_INCLUDE_IN_FRAMEWORK_HEADER = YES;
				CLANG_WARN_RANGE_LOOP_ANALYSIS = YES;
				CLANG_WARN_STRICT_PROTOTYPES = YES;
				CLANG_WARN_SUSPICIOUS_MOVE = YES;
				CLANG_WARN_UNGUARDED_AVAILABILITY = YES_AGGRESSIVE;
				CLANG_WARN_UNREACHABLE_CODE = YES;
				CLANG_WARN__DUPLICATE_METHOD_MATCH = YES;
				CODE_SIGN_IDENTITY = "iPhone Developer";
				COPY_PHASE_STRIP = NO;
				DEBUG_INFORMATION_FORMAT = "dwarf-with-dsym";
				ENABLE_NS_ASSERTIONS = NO;
				ENABLE_STRICT_OBJC_MSGSEND = YES;
				GCC_C_LANGUAGE_STANDARD = gnu11;
				GCC_NO_COMMON_BLOCKS = YES;
				GCC_WARN_64_TO_32_BIT_CONVERSION = YES;
				GCC_WARN_ABOUT_RETURN_TYPE = YES_ERROR;
				GCC_WARN_UNDECLARED_SELECTOR = YES;
				GCC_WARN_UNINITIALIZED_AUTOS = YES_AGGRESSIVE;
				GCC_WARN_UNUSED_FUNCTION = YES;
				GCC_WARN_UNUSED_VARIABLE = YES;
				IPHONEOS_DEPLOYMENT_TARGET = 12.1;
				MTL_ENABLE_DEBUG_INFO = NO;
				MTL_FAST_MATH = YES;
				SDKROOT = iphoneos;
				VALIDATE_PRODUCT = YES;
			};
			name = Release;
		};
		A792DE8721BFA3AD00F35092 /* Debug */ = {
			isa = XCBuildConfiguration;
			baseConfigurationReference = 7706AEB9E84E1E15AC3274EA /* Pods-NoName.debug.xcconfig */;
			buildSettings = {
				ASSETCATALOG_COMPILER_APPICON_NAME = AppIcon;
				CLANG_ENABLE_MODULES = YES;
				CODE_SIGN_ENTITLEMENTS = NoName/NoName.entitlements;
				CODE_SIGN_STYLE = Automatic;
				DEVELOPMENT_TEAM = 9A3PN2SJ83;
				GCC_PREFIX_HEADER = "$(SRCROOT)/NoName/PrefixHeader.pch";
				INFOPLIST_FILE = NoName/Info.plist;
				IPHONEOS_DEPLOYMENT_TARGET = 12.0;
				LD_RUNPATH_SEARCH_PATHS = (
					"$(inherited)",
					"@executable_path/Frameworks",
				);
				PRODUCT_BUNDLE_IDENTIFIER = com.hualuoyongheng.NoName1;
				PRODUCT_NAME = "$(TARGET_NAME)";
				SUPPORTS_MACCATALYST = YES;
				SWIFT_OBJC_BRIDGING_HEADER = "NoName/NoName-Bridging-Header.h";
				SWIFT_OPTIMIZATION_LEVEL = "-Onone";
				SWIFT_VERSION = 5.0;
				TARGETED_DEVICE_FAMILY = "1,2";
			};
			name = Debug;
		};
		A792DE8821BFA3AD00F35092 /* Release */ = {
			isa = XCBuildConfiguration;
			baseConfigurationReference = E93077F6574F5DDACEF4499A /* Pods-NoName.release.xcconfig */;
			buildSettings = {
				ASSETCATALOG_COMPILER_APPICON_NAME = AppIcon;
				CLANG_ENABLE_MODULES = YES;
				CODE_SIGN_ENTITLEMENTS = NoName/NoName.entitlements;
				CODE_SIGN_STYLE = Automatic;
				DEVELOPMENT_TEAM = 9A3PN2SJ83;
				GCC_PREFIX_HEADER = "$(SRCROOT)/NoName/PrefixHeader.pch";
				INFOPLIST_FILE = NoName/Info.plist;
				IPHONEOS_DEPLOYMENT_TARGET = 12.0;
				LD_RUNPATH_SEARCH_PATHS = (
					"$(inherited)",
					"@executable_path/Frameworks",
				);
				PRODUCT_BUNDLE_IDENTIFIER = com.hualuoyongheng.NoName1;
				PRODUCT_NAME = "$(TARGET_NAME)";
				SUPPORTS_MACCATALYST = YES;
				SWIFT_OBJC_BRIDGING_HEADER = "NoName/NoName-Bridging-Header.h";
				SWIFT_VERSION = 5.0;
				TARGETED_DEVICE_FAMILY = "1,2";
			};
			name = Release;
		};
/* End XCBuildConfiguration section */

/* Begin XCConfigurationList section */
		A792DE6B21BFA3AB00F35092 /* Build configuration list for PBXProject "NoName" */ = {
			isa = XCConfigurationList;
			buildConfigurations = (
				A792DE8421BFA3AD00F35092 /* Debug */,
				A792DE8521BFA3AD00F35092 /* Release */,
			);
			defaultConfigurationIsVisible = 0;
			defaultConfigurationName = Release;
		};
		A792DE8621BFA3AD00F35092 /* Build configuration list for PBXNativeTarget "NoName" */ = {
			isa = XCConfigurationList;
			buildConfigurations = (
				A792DE8721BFA3AD00F35092 /* Debug */,
				A792DE8821BFA3AD00F35092 /* Release */,
			);
			defaultConfigurationIsVisible = 0;
			defaultConfigurationName = Release;
		};
/* End XCConfigurationList section */
	};
	rootObject = A792DE6821BFA3AB00F35092 /* Project object */;
}
